
Microsoft Visual Studio Solution File, Format Version 12.00
# Visual Studio Version 16
VisualStudioVersion = 25.0.1706.3
MinimumVisualStudioVersion = 10.0.40219.1
Project("{FAE04EC0-301F-11D3-BF4B-00C04F79EFBC}") = "BSIT3L-Movies", "BSIT3L-Movies\BSIT3L-Movies.csproj", "{B734801F-671C-4585-9EDE-8D639CE4D6FC}"
EndProject
Global
	GlobalSection(SolutionConfigurationPlatforms) = preSolution
		Debug|Any CPU = Debug|Any CPU
		Release|Any CPU = Release|Any CPU
	EndGlobalSection
	GlobalSection(ProjectConfigurationPlatforms) = postSolution
		{B734801F-671C-4585-9EDE-8D639CE4D6FC}.Debug|Any CPU.ActiveCfg = Debug|Any CPU
		{B734801F-671C-4585-9EDE-8D639CE4D6FC}.Debug|Any CPU.Build.0 = Debug|Any CPU
		{B734801F-671C-4585-9EDE-8D639CE4D6FC}.Release|Any CPU.ActiveCfg = Release|Any CPU
		{B734801F-671C-4585-9EDE-8D639CE4D6FC}.Release|Any CPU.Build.0 = Release|Any CPU
	EndGlobalSection
	GlobalSection(SolutionProperties) = preSolution
		HideSolutionNode = FALSE
	EndGlobalSection
	GlobalSection(ExtensibilityGlobals) = postSolution
		SolutionGuid = {7F7F4ED4-6018-4AAC-8A95-4EB239420F29}
	EndGlobalSection
EndGlobal
